// !$*UTF8*$!
{
	archiveVersion = 1;
	classes = {
	};
	objectVersion = 46;
	objects = {

/* Begin PBXBuildFile section */
		1B4199E4C5226616020EF589 /* Pods_XMMediator.framework in Frameworks */ = {isa = PBXBuildFile; fileRef = EC9350855B166B76BD44A79D /* Pods_XMMediator.framework */; };
		C62950621E7AB999005F65EC /* XMMediator+B.swift in Sources */ = {isa = PBXBuildFile; fileRef = C62950611E7AB999005F65EC /* XMMediator+B.swift */; };
		C62950641E7ABA67005F65EC /* Target_B.swift in Sources */ = {isa = PBXBuildFile; fileRef = C62950631E7ABA67005F65EC /* Target_B.swift */; };
		C62950661E7AC630005F65EC /* rule.json in Resources */ = {isa = PBXBuildFile; fileRef = C62950651E7AC630005F65EC /* rule.json */; };
		C629506D1E7BB0B0005F65EC /* URL+XMMediator.swift in Sources */ = {isa = PBXBuildFile; fileRef = C62950681E7BB0B0005F65EC /* URL+XMMediator.swift */; };
		C629506E1E7BB0B0005F65EC /* XMMediator+Router.swift in Sources */ = {isa = PBXBuildFile; fileRef = C62950691E7BB0B0005F65EC /* XMMediator+Router.swift */; };
		C629506F1E7BB0B0005F65EC /* XMMediator+Shared.swift in Sources */ = {isa = PBXBuildFile; fileRef = C629506A1E7BB0B0005F65EC /* XMMediator+Shared.swift */; };
		C62950701E7BB0B0005F65EC /* XMMediator.swift in Sources */ = {isa = PBXBuildFile; fileRef = C629506B1E7BB0B0005F65EC /* XMMediator.swift */; };
		C62950711E7BB0B0005F65EC /* XMMediatorConfig.swift in Sources */ = {isa = PBXBuildFile; fileRef = C629506C1E7BB0B0005F65EC /* XMMediatorConfig.swift */; };
		C65E4AD71E6BC35500E09E44 /* AppDelegate.swift in Sources */ = {isa = PBXBuildFile; fileRef = C65E4AD61E6BC35500E09E44 /* AppDelegate.swift */; };
		C65E4AD91E6BC35500E09E44 /* ViewController.swift in Sources */ = {isa = PBXBuildFile; fileRef = C65E4AD81E6BC35500E09E44 /* ViewController.swift */; };
		C65E4ADC1E6BC35500E09E44 /* Main.storyboard in Resources */ = {isa = PBXBuildFile; fileRef = C65E4ADA1E6BC35500E09E44 /* Main.storyboard */; };
		C65E4ADE1E6BC35500E09E44 /* Assets.xcassets in Resources */ = {isa = PBXBuildFile; fileRef = C65E4ADD1E6BC35500E09E44 /* Assets.xcassets */; };
		C65E4AE11E6BC35500E09E44 /* LaunchScreen.storyboard in Resources */ = {isa = PBXBuildFile; fileRef = C65E4ADF1E6BC35500E09E44 /* LaunchScreen.storyboard */; };
		C65E4AF01E6BC48B00E09E44 /* XMMediator+A.swift in Sources */ = {isa = PBXBuildFile; fileRef = C65E4AEF1E6BC48B00E09E44 /* XMMediator+A.swift */; };
		C65E4AF21E6BC5D600E09E44 /* Target_A.swift in Sources */ = {isa = PBXBuildFile; fileRef = C65E4AF11E6BC5D600E09E44 /* Target_A.swift */; };
		C65E4AF41E6BC64400E09E44 /* A_viewcontroller.swift in Sources */ = {isa = PBXBuildFile; fileRef = C65E4AF31E6BC64400E09E44 /* A_viewcontroller.swift */; };
/* End PBXBuildFile section */

/* Begin PBXFileReference section */
		67287235F28FAE67AEFBDFCF /* Pods-XMMediator.release.xcconfig */ = {isa = PBXFileReference; includeInIndex = 1; lastKnownFileType = text.xcconfig; name = "Pods-XMMediator.release.xcconfig"; path = "Pods/Target Support Files/Pods-XMMediator/Pods-XMMediator.release.xcconfig"; sourceTree = "<group>"; };
		C62950611E7AB999005F65EC /* XMMediator+B.swift */ = {isa = PBXFileReference; fileEncoding = 4; lastKnownFileType = sourcecode.swift; name = "XMMediator+B.swift"; path = "XMMediator/Categories/ModuleB/XMMediator+B.swift"; sourceTree = SOURCE_ROOT; };
		C62950631E7ABA67005F65EC /* Target_B.swift */ = {isa = PBXFileReference; fileEncoding = 4; lastKnownFileType = sourcecode.swift; path = Target_B.swift; sourceTree = "<group>"; };
		C62950651E7AC630005F65EC /* rule.json */ = {isa = PBXFileReference; fileEncoding = 4; lastKnownFileType = text.json; path = rule.json; sourceTree = "<group>"; };
		C62950681E7BB0B0005F65EC /* URL+XMMediator.swift */ = {isa = PBXFileReference; fileEncoding = 4; lastKnownFileType = sourcecode.swift; path = "URL+XMMediator.swift"; sourceTree = "<group>"; };
		C62950691E7BB0B0005F65EC /* XMMediator+Router.swift */ = {isa = PBXFileReference; fileEncoding = 4; lastKnownFileType = sourcecode.swift; path = "XMMediator+Router.swift"; sourceTree = "<group>"; };
		C629506A1E7BB0B0005F65EC /* XMMediator+Shared.swift */ = {isa = PBXFileReference; fileEncoding = 4; lastKnownFileType = sourcecode.swift; path = "XMMediator+Shared.swift"; sourceTree = "<group>"; };
		C629506B1E7BB0B0005F65EC /* XMMediator.swift */ = {isa = PBXFileReference; fileEncoding = 4; lastKnownFileType = sourcecode.swift; path = XMMediator.swift; sourceTree = "<group>"; };
		C629506C1E7BB0B0005F65EC /* XMMediatorConfig.swift */ = {isa = PBXFileReference; fileEncoding = 4; lastKnownFileType = sourcecode.swift; path = XMMediatorConfig.swift; sourceTree = "<group>"; };
		C65E4AD31E6BC35500E09E44 /* XMMediator.app */ = {isa = PBXFileReference; explicitFileType = wrapper.application; includeInIndex = 0; path = XMMediator.app; sourceTree = BUILT_PRODUCTS_DIR; };
		C65E4AD61E6BC35500E09E44 /* AppDelegate.swift */ = {isa = PBXFileReference; lastKnownFileType = sourcecode.swift; path = AppDelegate.swift; sourceTree = "<group>"; };
		C65E4AD81E6BC35500E09E44 /* ViewController.swift */ = {isa = PBXFileReference; lastKnownFileType = sourcecode.swift; path = ViewController.swift; sourceTree = "<group>"; };
		C65E4ADB1E6BC35500E09E44 /* Base */ = {isa = PBXFileReference; lastKnownFileType = file.storyboard; name = Base; path = Base.lproj/Main.storyboard; sourceTree = "<group>"; };
		C65E4ADD1E6BC35500E09E44 /* Assets.xcassets */ = {isa = PBXFileReference; lastKnownFileType = folder.assetcatalog; path = Assets.xcassets; sourceTree = "<group>"; };
		C65E4AE01E6BC35500E09E44 /* Base */ = {isa = PBXFileReference; lastKnownFileType = file.storyboard; name = Base; path = Base.lproj/LaunchScreen.storyboard; sourceTree = "<group>"; };
		C65E4AE21E6BC35500E09E44 /* Info.plist */ = {isa = PBXFileReference; lastKnownFileType = text.plist.xml; path = Info.plist; sourceTree = "<group>"; };
		C65E4AEF1E6BC48B00E09E44 /* XMMediator+A.swift */ = {isa = PBXFileReference; fileEncoding = 4; lastKnownFileType = sourcecode.swift; path = "XMMediator+A.swift"; sourceTree = "<group>"; };
		C65E4AF11E6BC5D600E09E44 /* Target_A.swift */ = {isa = PBXFileReference; fileEncoding = 4; lastKnownFileType = sourcecode.swift; path = Target_A.swift; sourceTree = "<group>"; };
		C65E4AF31E6BC64400E09E44 /* A_viewcontroller.swift */ = {isa = PBXFileReference; fileEncoding = 4; lastKnownFileType = sourcecode.swift; path = A_viewcontroller.swift; sourceTree = "<group>"; };
		EC9350855B166B76BD44A79D /* Pods_XMMediator.framework */ = {isa = PBXFileReference; explicitFileType = wrapper.framework; includeInIndex = 0; path = Pods_XMMediator.framework; sourceTree = BUILT_PRODUCTS_DIR; };
		F10322EB4B8E27DAD960BE47 /* Pods-XMMediator.debug.xcconfig */ = {isa = PBXFileReference; includeInIndex = 1; lastKnownFileType = text.xcconfig; name = "Pods-XMMediator.debug.xcconfig"; path = "Pods/Target Support Files/Pods-XMMediator/Pods-XMMediator.debug.xcconfig"; sourceTree = "<group>"; };
/* End PBXFileReference section */

/* Begin PBXFrameworksBuildPhase section */
		C65E4AD01E6BC35500E09E44 /* Frameworks */ = {
			isa = PBXFrameworksBuildPhase;
			buildActionMask = 2147483647;
			files = (
				1B4199E4C5226616020EF589 /* Pods_XMMediator.framework in Frameworks */,
			);
			runOnlyForDeploymentPostprocessing = 0;
		};
/* End PBXFrameworksBuildPhase section */

/* Begin PBXGroup section */
		130633F1C7A466AD4EA41F46 /* Pods */ = {
			isa = PBXGroup;
			children = (
				F10322EB4B8E27DAD960BE47 /* Pods-XMMediator.debug.xcconfig */,
				67287235F28FAE67AEFBDFCF /* Pods-XMMediator.release.xcconfig */,
			);
			name = Pods;
			sourceTree = "<group>";
		};
		C62950671E7BB0B0005F65EC /* Sources */ = {
			isa = PBXGroup;
			children = (
				C62950681E7BB0B0005F65EC /* URL+XMMediator.swift */,
				C62950691E7BB0B0005F65EC /* XMMediator+Router.swift */,
				C629506A1E7BB0B0005F65EC /* XMMediator+Shared.swift */,
				C629506B1E7BB0B0005F65EC /* XMMediator.swift */,
				C629506C1E7BB0B0005F65EC /* XMMediatorConfig.swift */,
			);
			path = Sources;
			sourceTree = SOURCE_ROOT;
		};
		C65E4ACA1E6BC35500E09E44 = {
			isa = PBXGroup;
			children = (
				C65E4AD51E6BC35500E09E44 /* XMMediator */,
				C65E4AD41E6BC35500E09E44 /* Products */,
				130633F1C7A466AD4EA41F46 /* Pods */,
				C6B5AE6513FB08260F8B7207 /* Frameworks */,
			);
			sourceTree = "<group>";
		};
		C65E4AD41E6BC35500E09E44 /* Products */ = {
			isa = PBXGroup;
			children = (
				C65E4AD31E6BC35500E09E44 /* XMMediator.app */,
			);
			name = Products;
			sourceTree = "<group>";
		};
		C65E4AD51E6BC35500E09E44 /* XMMediator */ = {
			isa = PBXGroup;
			children = (
				C62950671E7BB0B0005F65EC /* Sources */,
				C65E4AEB1E6BC45700E09E44 /* Categories */,
				C65E4AED1E6BC45700E09E44 /* DemoModule */,
				C65E4AD61E6BC35500E09E44 /* AppDelegate.swift */,
				C65E4AD81E6BC35500E09E44 /* ViewController.swift */,
				C65E4ADA1E6BC35500E09E44 /* Main.storyboard */,
				C65E4ADD1E6BC35500E09E44 /* Assets.xcassets */,
				C65E4ADF1E6BC35500E09E44 /* LaunchScreen.storyboard */,
				C65E4AE21E6BC35500E09E44 /* Info.plist */,
				C62950651E7AC630005F65EC /* rule.json */,
			);
			path = XMMediator;
			sourceTree = "<group>";
		};
		C65E4AEB1E6BC45700E09E44 /* Categories */ = {
			isa = PBXGroup;
			children = (
				C65E4AEC1E6BC45700E09E44 /* ModuleA */,
			);
			path = Categories;
			sourceTree = "<group>";
		};
		C65E4AEC1E6BC45700E09E44 /* ModuleA */ = {
			isa = PBXGroup;
			children = (
				C65E4AEF1E6BC48B00E09E44 /* XMMediator+A.swift */,
				C62950611E7AB999005F65EC /* XMMediator+B.swift */,
			);
			path = ModuleA;
			sourceTree = "<group>";
		};
		C65E4AED1E6BC45700E09E44 /* DemoModule */ = {
			isa = PBXGroup;
			children = (
				C65E4AEE1E6BC45700E09E44 /* Actions */,
				C65E4AF31E6BC64400E09E44 /* A_viewcontroller.swift */,
			);
			path = DemoModule;
			sourceTree = "<group>";
		};
		C65E4AEE1E6BC45700E09E44 /* Actions */ = {
			isa = PBXGroup;
			children = (
				C65E4AF11E6BC5D600E09E44 /* Target_A.swift */,
				C62950631E7ABA67005F65EC /* Target_B.swift */,
			);
			path = Actions;
			sourceTree = "<group>";
		};
		C6B5AE6513FB08260F8B7207 /* Frameworks */ = {
			isa = PBXGroup;
			children = (
				EC9350855B166B76BD44A79D /* Pods_XMMediator.framework */,
			);
			name = Frameworks;
			sourceTree = "<group>";
		};
/* End PBXGroup section */

/* Begin PBXNativeTarget section */
		C65E4AD21E6BC35500E09E44 /* XMMediator */ = {
			isa = PBXNativeTarget;
			buildConfigurationList = C65E4AE51E6BC35500E09E44 /* Build configuration list for PBXNativeTarget "XMMediator" */;
			buildPhases = (
				7CB38EEF89F504D9CCE5264B /* [CP] Check Pods Manifest.lock */,
				C65E4ACF1E6BC35500E09E44 /* Sources */,
				C65E4AD01E6BC35500E09E44 /* Frameworks */,
				C65E4AD11E6BC35500E09E44 /* Resources */,
				260E8C4E753394BF650BABE0 /* [CP] Embed Pods Frameworks */,
				958FFCCBF498B7F9FC65EF54 /* [CP] Copy Pods Resources */,
			);
			buildRules = (
			);
			dependencies = (
			);
			name = XMMediator;
			productName = XMMediator;
			productReference = C65E4AD31E6BC35500E09E44 /* XMMediator.app */;
			productType = "com.apple.product-type.application";
		};
/* End PBXNativeTarget section */

/* Begin PBXProject section */
		C65E4ACB1E6BC35500E09E44 /* Project object */ = {
			isa = PBXProject;
			attributes = {
				LastSwiftUpdateCheck = 0820;
				LastUpgradeCheck = 0820;
				ORGANIZATIONNAME = "天星宿命";
				TargetAttributes = {
					C65E4AD21E6BC35500E09E44 = {
						CreatedOnToolsVersion = 8.2.1;
						DevelopmentTeam = STXE6X32T7;
						LastSwiftMigration = 0820;
						ProvisioningStyle = Automatic;
					};
				};
			};
			buildConfigurationList = C65E4ACE1E6BC35500E09E44 /* Build configuration list for PBXProject "XMMediator" */;
			compatibilityVersion = "Xcode 3.2";
			developmentRegion = English;
			hasScannedForEncodings = 0;
			knownRegions = (
				en,
				Base,
			);
			mainGroup = C65E4ACA1E6BC35500E09E44;
			productRefGroup = C65E4AD41E6BC35500E09E44 /* Products */;
			projectDirPath = "";
			projectRoot = "";
			targets = (
				C65E4AD21E6BC35500E09E44 /* XMMediator */,
			);
		};
/* End PBXProject section */

/* Begin PBXResourcesBuildPhase section */
		C65E4AD11E6BC35500E09E44 /* Resources */ = {
			isa = PBXResourcesBuildPhase;
			buildActionMask = 2147483647;
			files = (
				C65E4AE11E6BC35500E09E44 /* LaunchScreen.storyboard in Resources */,
				C62950661E7AC630005F65EC /* rule.json in Resources */,
				C65E4ADE1E6BC35500E09E44 /* Assets.xcassets in Resources */,
				C65E4ADC1E6BC35500E09E44 /* Main.storyboard in Resources */,
			);
			runOnlyForDeploymentPostprocessing = 0;
		};
/* End PBXResourcesBuildPhase section */

/* Begin PBXShellScriptBuildPhase section */
		260E8C4E753394BF650BABE0 /* [CP] Embed Pods Frameworks */ = {
			isa = PBXShellScriptBuildPhase;
			buildActionMask = 2147483647;
			files = (
			);
			inputPaths = (
			);
			name = "[CP] Embed Pods Frameworks";
			outputPaths = (
			);
			runOnlyForDeploymentPostprocessing = 0;
			shellPath = /bin/sh;
			shellScript = "\"${SRCROOT}/Pods/Target Support Files/Pods-XMMediator/Pods-XMMediator-frameworks.sh\"\n";
			showEnvVarsInLog = 0;
		};
		7CB38EEF89F504D9CCE5264B /* [CP] Check Pods Manifest.lock */ = {
			isa = PBXShellScriptBuildPhase;
			buildActionMask = 2147483647;
			files = (
			);
			inputPaths = (
			);
			name = "[CP] Check Pods Manifest.lock";
			outputPaths = (
			);
			runOnlyForDeploymentPostprocessing = 0;
			shellPath = /bin/sh;
			shellScript = "diff \"${PODS_ROOT}/../Podfile.lock\" \"${PODS_ROOT}/Manifest.lock\" > /dev/null\nif [ $? != 0 ] ; then\n    # print error to STDERR\n    echo \"error: The sandbox is not in sync with the Podfile.lock. Run 'pod install' or update your CocoaPods installation.\" >&2\n    exit 1\nfi\n";
			showEnvVarsInLog = 0;
		};
		958FFCCBF498B7F9FC65EF54 /* [CP] Copy Pods Resources */ = {
			isa = PBXShellScriptBuildPhase;
			buildActionMask = 2147483647;
			files = (
			);
			inputPaths = (
			);
			name = "[CP] Copy Pods Resources";
			outputPaths = (
			);
			runOnlyForDeploymentPostprocessing = 0;
			shellPath = /bin/sh;
			shellScript = "\"${SRCROOT}/Pods/Target Support Files/Pods-XMMediator/Pods-XMMediator-resources.sh\"\n";
			showEnvVarsInLog = 0;
		};
/* End PBXShellScriptBuildPhase section */

/* Begin PBXSourcesBuildPhase section */
		C65E4ACF1E6BC35500E09E44 /* Sources */ = {
			isa = PBXSourcesBuildPhase;
			buildActionMask = 2147483647;
			files = (
				C62950641E7ABA67005F65EC /* Target_B.swift in Sources */,
				C65E4AF21E6BC5D600E09E44 /* Target_A.swift in Sources */,
				C629506F1E7BB0B0005F65EC /* XMMediator+Shared.swift in Sources */,
				C62950621E7AB999005F65EC /* XMMediator+B.swift in Sources */,
				C62950701E7BB0B0005F65EC /* XMMediator.swift in Sources */,
				C62950711E7BB0B0005F65EC /* XMMediatorConfig.swift in Sources */,
				C65E4AF41E6BC64400E09E44 /* A_viewcontroller.swift in Sources */,
				C65E4AD91E6BC35500E09E44 /* ViewController.swift in Sources */,
				C629506E1E7BB0B0005F65EC /* XMMediator+Router.swift in Sources */,
				C65E4AD71E6BC35500E09E44 /* AppDelegate.swift in Sources */,
				C65E4AF01E6BC48B00E09E44 /* XMMediator+A.swift in Sources */,
				C629506D1E7BB0B0005F65EC /* URL+XMMediator.swift in Sources */,
			);
			runOnlyForDeploymentPostprocessing = 0;
		};
/* End PBXSourcesBuildPhase section */

/* Begin PBXVariantGroup section */
		C65E4ADA1E6BC35500E09E44 /* Main.storyboard */ = {
			isa = PBXVariantGroup;
			children = (
				C65E4ADB1E6BC35500E09E44 /* Base */,
			);
			name = Main.storyboard;
			sourceTree = "<group>";
		};
		C65E4ADF1E6BC35500E09E44 /* LaunchScreen.storyboard */ = {
			isa = PBXVariantGroup;
			children = (
				C65E4AE01E6BC35500E09E44 /* Base */,
			);
			name = LaunchScreen.storyboard;
			sourceTree = "<group>";
		};
/* End PBXVariantGroup section */

/* Begin XCBuildConfiguration section */
		C65E4AE31E6BC35500E09E44 /* Debug */ = {
			isa = XCBuildConfiguration;
			buildSettings = {
				ALWAYS_SEARCH_USER_PATHS = NO;
				CLANG_ANALYZER_NONNULL = YES;
				CLANG_CXX_LANGUAGE_STANDARD = "gnu++0x";
				CLANG_CXX_LIBRARY = "libc++";
				CLANG_ENABLE_MODULES = YES;
				CLANG_ENABLE_OBJC_ARC = YES;
				CLANG_WARN_BOOL_CONVERSION = YES;
				CLANG_WARN_CONSTANT_CONVERSION = YES;
				CLANG_WARN_DIRECT_OBJC_ISA_USAGE = YES_ERROR;
				CLANG_WARN_DOCUMENTATION_COMMENTS = YES;
				CLANG_WARN_EMPTY_BODY = YES;
				CLANG_WARN_ENUM_CONVERSION = YES;
				CLANG_WARN_INFINITE_RECURSION = YES;
				CLANG_WARN_INT_CONVERSION = YES;
				CLANG_WARN_OBJC_ROOT_CLASS = YES_ERROR;
				CLANG_WARN_SUSPICIOUS_MOVE = YES;
				CLANG_WARN_UNREACHABLE_CODE = YES;
				CLANG_WARN__DUPLICATE_METHOD_MATCH = YES;
				"CODE_SIGN_IDENTITY[sdk=iphoneos*]" = "iPhone Developer";
				COPY_PHASE_STRIP = NO;
				DEBUG_INFORMATION_FORMAT = dwarf;
				ENABLE_STRICT_OBJC_MSGSEND = YES;
				ENABLE_TESTABILITY = YES;
				GCC_C_LANGUAGE_STANDARD = gnu99;
				GCC_DYNAMIC_NO_PIC = NO;
				GCC_NO_COMMON_BLOCKS = YES;
				GCC_OPTIMIZATION_LEVEL = 0;
				GCC_PREPROCESSOR_DEFINITIONS = (
					"DEBUG=1",
					"$(inherited)",
				);
				GCC_WARN_64_TO_32_BIT_CONVERSION = YES;
				GCC_WARN_ABOUT_RETURN_TYPE = YES_ERROR;
				GCC_WARN_UNDECLARED_SELECTOR = YES;
				GCC_WARN_UNINITIALIZED_AUTOS = YES_AGGRESSIVE;
				GCC_WARN_UNUSED_FUNCTION = YES;
				GCC_WARN_UNUSED_VARIABLE = YES;
				IPHONEOS_DEPLOYMENT_TARGET = 10.2;
				MTL_ENABLE_DEBUG_INFO = YES;
				ONLY_ACTIVE_ARCH = YES;
				SDKROOT = iphoneos;
				SWIFT_ACTIVE_COMPILATION_CONDITIONS = DEBUG;
				SWIFT_OPTIMIZATION_LEVEL = "-Onone";
			};
			name = Debug;
		};
		C65E4AE41E6BC35500E09E44 /* Release */ = {
			isa = XCBuildConfiguration;
			buildSettings = {
				ALWAYS_SEARCH_USER_PATHS = NO;
				CLANG_ANALYZER_NONNULL = YES;
				CLANG_CXX_LANGUAGE_STANDARD = "gnu++0x";
				CLANG_CXX_LIBRARY = "libc++";
				CLANG_ENABLE_MODULES = YES;
				CLANG_ENABLE_OBJC_ARC = YES;
				CLANG_WARN_BOOL_CONVERSION = YES;
				CLANG_WARN_CONSTANT_CONVERSION = YES;
				CLANG_WARN_DIRECT_OBJC_ISA_USAGE = YES_ERROR;
				CLANG_WARN_DOCUMENTATION_COMMENTS = YES;
				CLANG_WARN_EMPTY_BODY = YES;
				CLANG_WARN_ENUM_CONVERSION = YES;
				CLANG_WARN_INFINITE_RECURSION = YES;
				CLANG_WARN_INT_CONVERSION = YES;
				CLANG_WARN_OBJC_ROOT_CLASS = YES_ERROR;
				CLANG_WARN_SUSPICIOUS_MOVE = YES;
				CLANG_WARN_UNREACHABLE_CODE = YES;
				CLANG_WARN__DUPLICATE_METHOD_MATCH = YES;
				"CODE_SIGN_IDENTITY[sdk=iphoneos*]" = "iPhone Developer";
				COPY_PHASE_STRIP = NO;
				DEBUG_INFORMATION_FORMAT = "dwarf-with-dsym";
				ENABLE_NS_ASSERTIONS = NO;
				ENABLE_STRICT_OBJC_MSGSEND = YES;
				GCC_C_LANGUAGE_STANDARD = gnu99;
				GCC_NO_COMMON_BLOCKS = YES;
				GCC_WARN_64_TO_32_BIT_CONVERSION = YES;
				GCC_WARN_ABOUT_RETURN_TYPE = YES_ERROR;
				GCC_WARN_UNDECLARED_SELECTOR = YES;
				GCC_WARN_UNINITIALIZED_AUTOS = YES_AGGRESSIVE;
				GCC_WARN_UNUSED_FUNCTION = YES;
				GCC_WARN_UNUSED_VARIABLE = YES;
				IPHONEOS_DEPLOYMENT_TARGET = 10.2;
				MTL_ENABLE_DEBUG_INFO = NO;
				SDKROOT = iphoneos;
				SWIFT_OPTIMIZATION_LEVEL = "-Owholemodule";
				VALIDATE_PRODUCT = YES;
			};
			name = Release;
		};
		C65E4AE61E6BC35500E09E44 /* Debug */ = {
			isa = XCBuildConfiguration;
			baseConfigurationReference = F10322EB4B8E27DAD960BE47 /* Pods-XMMediator.debug.xcconfig */;
			buildSettings = {
				ASSETCATALOG_COMPILER_APPICON_NAME = AppIcon;
				DEVELOPMENT_TEAM = STXE6X32T7;
				INFOPLIST_FILE = XMMediator/Info.plist;
				LD_RUNPATH_SEARCH_PATHS = "$(inherited) @executable_path/Frameworks";
				PRODUCT_BUNDLE_IDENTIFIER = net.zhfish.XMMediator;
				PRODUCT_NAME = "$(TARGET_NAME)";
				SWIFT_VERSION = 3.0;
			};
			name = Debug;
		};
		C65E4AE71E6BC35500E09E44 /* Release */ = {
			isa = XCBuildConfiguration;
			baseConfigurationReference = 67287235F28FAE67AEFBDFCF /* Pods-XMMediator.release.xcconfig */;
			buildSettings = {
				ASSETCATALOG_COMPILER_APPICON_NAME = AppIcon;
				DEVELOPMENT_TEAM = STXE6X32T7;
				INFOPLIST_FILE = XMMediator/Info.plist;
				LD_RUNPATH_SEARCH_PATHS = "$(inherited) @executable_path/Frameworks";
				PRODUCT_BUNDLE_IDENTIFIER = net.zhfish.XMMediator;
				PRODUCT_NAME = "$(TARGET_NAME)";
				SWIFT_VERSION = 3.0;
			};
			name = Release;
		};
/* End XCBuildConfiguration section */

/* Begin XCConfigurationList section */
		C65E4ACE1E6BC35500E09E44 /* Build configuration list for PBXProject "XMMediator" */ = {
			isa = XCConfigurationList;
			buildConfigurations = (
				C65E4AE31E6BC35500E09E44 /* Debug */,
				C65E4AE41E6BC35500E09E44 /* Release */,
			);
			defaultConfigurationIsVisible = 0;
			defaultConfigurationName = Release;
		};
		C65E4AE51E6BC35500E09E44 /* Build configuration list for PBXNativeTarget "XMMediator" */ = {
			isa = XCConfigurationList;
			buildConfigurations = (
				C65E4AE61E6BC35500E09E44 /* Debug */,
				C65E4AE71E6BC35500E09E44 /* Release */,
			);
			defaultConfigurationIsVisible = 0;
			defaultConfigurationName = Release;
		};
/* End XCConfigurationList section */
	};
	rootObject = C65E4ACB1E6BC35500E09E44 /* Project object */;
}
